// !$*UTF8*$!
{
	archiveVersion = 1;
	classes = {
	};
	objectVersion = 46;
	objects = {

/* Begin PBXBuildFile section */
		0135E6311C7B5C3D007982E1 /* Cashier.framework in Frameworks */ = {isa = PBXBuildFile; fileRef = 0135E6301C7B5C3D007982E1 /* Cashier.framework */; };
		0135E6331C7B5C70007982E1 /* Serializable.framework in Frameworks */ = {isa = PBXBuildFile; fileRef = 0135E6321C7B5C70007982E1 /* Serializable.framework */; };
		272F1DF01C6A3D2B0098F620 /* UserManagerType.h in Headers */ = {isa = PBXBuildFile; fileRef = 272F1DEF1C6A3D2B0098F620 /* UserManagerType.h */; settings = {ATTRIBUTES = (Public, ); }; };
		272F1DF71C6A3D2B0098F620 /* UserManagerType.framework in Frameworks */ = {isa = PBXBuildFile; fileRef = 272F1DEC1C6A3D2B0098F620 /* UserManagerType.framework */; };
		272F1DFC1C6A3D2B0098F620 /* UserManagerTypeTests.swift in Sources */ = {isa = PBXBuildFile; fileRef = 272F1DFB1C6A3D2B0098F620 /* UserManagerTypeTests.swift */; };
		272F1E071C6A3D420098F620 /* UserManagerType.swift in Sources */ = {isa = PBXBuildFile; fileRef = 272F1E061C6A3D420098F620 /* UserManagerType.swift */; };
/* End PBXBuildFile section */

/* Begin PBXContainerItemProxy section */
		272F1DF81C6A3D2B0098F620 /* PBXContainerItemProxy */ = {
			isa = PBXContainerItemProxy;
			containerPortal = 272F1DE31C6A3D2B0098F620 /* Project object */;
			proxyType = 1;
			remoteGlobalIDString = 272F1DEB1C6A3D2B0098F620;
			remoteInfo = UserManagerType;
		};
/* End PBXContainerItemProxy section */

/* Begin PBXFileReference section */
		0135E6301C7B5C3D007982E1 /* Cashier.framework */ = {isa = PBXFileReference; lastKnownFileType = wrapper.framework; name = Cashier.framework; path = Carthage/Build/iOS/Cashier.framework; sourceTree = "<group>"; };
		0135E6321C7B5C70007982E1 /* Serializable.framework */ = {isa = PBXFileReference; lastKnownFileType = wrapper.framework; name = Serializable.framework; path = Carthage/Build/iOS/Serializable.framework; sourceTree = "<group>"; };
		272F1DEC1C6A3D2B0098F620 /* UserManagerType.framework */ = {isa = PBXFileReference; explicitFileType = wrapper.framework; includeInIndex = 0; path = UserManagerType.framework; sourceTree = BUILT_PRODUCTS_DIR; };
		272F1DEF1C6A3D2B0098F620 /* UserManagerType.h */ = {isa = PBXFileReference; lastKnownFileType = sourcecode.c.h; path = UserManagerType.h; sourceTree = "<group>"; };
		272F1DF11C6A3D2B0098F620 /* Info.plist */ = {isa = PBXFileReference; lastKnownFileType = text.plist.xml; path = Info.plist; sourceTree = "<group>"; };
		272F1DF61C6A3D2B0098F620 /* UserManagerTypeTests.xctest */ = {isa = PBXFileReference; explicitFileType = wrapper.cfbundle; includeInIndex = 0; path = UserManagerTypeTests.xctest; sourceTree = BUILT_PRODUCTS_DIR; };
		272F1DFB1C6A3D2B0098F620 /* UserManagerTypeTests.swift */ = {isa = PBXFileReference; lastKnownFileType = sourcecode.swift; path = UserManagerTypeTests.swift; sourceTree = "<group>"; };
		272F1DFD1C6A3D2B0098F620 /* Info.plist */ = {isa = PBXFileReference; lastKnownFileType = text.plist.xml; path = Info.plist; sourceTree = "<group>"; };
		272F1E061C6A3D420098F620 /* UserManagerType.swift */ = {isa = PBXFileReference; fileEncoding = 4; lastKnownFileType = sourcecode.swift; path = UserManagerType.swift; sourceTree = "<group>"; };
/* End PBXFileReference section */

/* Begin PBXFrameworksBuildPhase section */
		272F1DE81C6A3D2B0098F620 /* Frameworks */ = {
			isa = PBXFrameworksBuildPhase;
			buildActionMask = 2147483647;
			files = (
				0135E6311C7B5C3D007982E1 /* Cashier.framework in Frameworks */,
				0135E6331C7B5C70007982E1 /* Serializable.framework in Frameworks */,
			);
			runOnlyForDeploymentPostprocessing = 0;
		};
		272F1DF31C6A3D2B0098F620 /* Frameworks */ = {
			isa = PBXFrameworksBuildPhase;
			buildActionMask = 2147483647;
			files = (
				272F1DF71C6A3D2B0098F620 /* UserManagerType.framework in Frameworks */,
			);
			runOnlyForDeploymentPostprocessing = 0;
		};
/* End PBXFrameworksBuildPhase section */

/* Begin PBXGroup section */
		0135E62F1C7B5C31007982E1 /* Frameworks */ = {
			isa = PBXGroup;
			children = (
				0135E6321C7B5C70007982E1 /* Serializable.framework */,
				0135E6301C7B5C3D007982E1 /* Cashier.framework */,
			);
			name = Frameworks;
			sourceTree = "<group>";
		};
		272F1DE21C6A3D2B0098F620 = {
			isa = PBXGroup;
			children = (
				272F1DEE1C6A3D2B0098F620 /* UserManagerType */,
				272F1DFA1C6A3D2B0098F620 /* UserManagerTypeTests */,
				0135E62F1C7B5C31007982E1 /* Frameworks */,
				272F1DED1C6A3D2B0098F620 /* Products */,
			);
			sourceTree = "<group>";
		};
		272F1DED1C6A3D2B0098F620 /* Products */ = {
			isa = PBXGroup;
			children = (
				272F1DEC1C6A3D2B0098F620 /* UserManagerType.framework */,
				272F1DF61C6A3D2B0098F620 /* UserManagerTypeTests.xctest */,
			);
			name = Products;
			sourceTree = "<group>";
		};
		272F1DEE1C6A3D2B0098F620 /* UserManagerType */ = {
			isa = PBXGroup;
			children = (
				272F1E061C6A3D420098F620 /* UserManagerType.swift */,
				272F1DEF1C6A3D2B0098F620 /* UserManagerType.h */,
				272F1DF11C6A3D2B0098F620 /* Info.plist */,
			);
			path = UserManagerType;
			sourceTree = "<group>";
		};
		272F1DFA1C6A3D2B0098F620 /* UserManagerTypeTests */ = {
			isa = PBXGroup;
			children = (
				272F1DFB1C6A3D2B0098F620 /* UserManagerTypeTests.swift */,
				272F1DFD1C6A3D2B0098F620 /* Info.plist */,
			);
			path = UserManagerTypeTests;
			sourceTree = "<group>";
		};
/* End PBXGroup section */

/* Begin PBXHeadersBuildPhase section */
		272F1DE91C6A3D2B0098F620 /* Headers */ = {
			isa = PBXHeadersBuildPhase;
			buildActionMask = 2147483647;
			files = (
				272F1DF01C6A3D2B0098F620 /* UserManagerType.h in Headers */,
			);
			runOnlyForDeploymentPostprocessing = 0;
		};
/* End PBXHeadersBuildPhase section */

/* Begin PBXNativeTarget section */
		272F1DEB1C6A3D2B0098F620 /* UserManagerType */ = {
			isa = PBXNativeTarget;
			buildConfigurationList = 272F1E001C6A3D2B0098F620 /* Build configuration list for PBXNativeTarget "UserManagerType" */;
			buildPhases = (
				272F1DE71C6A3D2B0098F620 /* Sources */,
				272F1DE81C6A3D2B0098F620 /* Frameworks */,
				272F1DE91C6A3D2B0098F620 /* Headers */,
				272F1DEA1C6A3D2B0098F620 /* Resources */,
			);
			buildRules = (
			);
			dependencies = (
			);
			name = UserManagerType;
			productName = UserManagerType;
			productReference = 272F1DEC1C6A3D2B0098F620 /* UserManagerType.framework */;
			productType = "com.apple.product-type.framework";
		};
		272F1DF51C6A3D2B0098F620 /* UserManagerTypeTests */ = {
			isa = PBXNativeTarget;
			buildConfigurationList = 272F1E031C6A3D2B0098F620 /* Build configuration list for PBXNativeTarget "UserManagerTypeTests" */;
			buildPhases = (
				272F1DF21C6A3D2B0098F620 /* Sources */,
				272F1DF31C6A3D2B0098F620 /* Frameworks */,
				272F1DF41C6A3D2B0098F620 /* Resources */,
			);
			buildRules = (
			);
			dependencies = (
				272F1DF91C6A3D2B0098F620 /* PBXTargetDependency */,
			);
			name = UserManagerTypeTests;
			productName = UserManagerTypeTests;
			productReference = 272F1DF61C6A3D2B0098F620 /* UserManagerTypeTests.xctest */;
			productType = "com.apple.product-type.bundle.unit-test";
		};
/* End PBXNativeTarget section */

/* Begin PBXProject section */
		272F1DE31C6A3D2B0098F620 /* Project object */ = {
			isa = PBXProject;
			attributes = {
				LastSwiftUpdateCheck = 0720;
				LastUpgradeCheck = 0720;
				ORGANIZATIONNAME = Nodes;
				TargetAttributes = {
					272F1DEB1C6A3D2B0098F620 = {
						CreatedOnToolsVersion = 7.2.1;
					};
					272F1DF51C6A3D2B0098F620 = {
						CreatedOnToolsVersion = 7.2.1;
					};
				};
			};
			buildConfigurationList = 272F1DE61C6A3D2B0098F620 /* Build configuration list for PBXProject "UserManagerType" */;
			compatibilityVersion = "Xcode 3.2";
			developmentRegion = English;
			hasScannedForEncodings = 0;
			knownRegions = (
				en,
			);
			mainGroup = 272F1DE21C6A3D2B0098F620;
			productRefGroup = 272F1DED1C6A3D2B0098F620 /* Products */;
			projectDirPath = "";
			projectRoot = "";
			targets = (
				272F1DEB1C6A3D2B0098F620 /* UserManagerType */,
				272F1DF51C6A3D2B0098F620 /* UserManagerTypeTests */,
			);
		};
/* End PBXProject section */

/* Begin PBXResourcesBuildPhase section */
		272F1DEA1C6A3D2B0098F620 /* Resources */ = {
			isa = PBXResourcesBuildPhase;
			buildActionMask = 2147483647;
			files = (
			);
			runOnlyForDeploymentPostprocessing = 0;
		};
		272F1DF41C6A3D2B0098F620 /* Resources */ = {
			isa = PBXResourcesBuildPhase;
			buildActionMask = 2147483647;
			files = (
			);
			runOnlyForDeploymentPostprocessing = 0;
		};
/* End PBXResourcesBuildPhase section */

/* Begin PBXSourcesBuildPhase section */
		272F1DE71C6A3D2B0098F620 /* Sources */ = {
			isa = PBXSourcesBuildPhase;
			buildActionMask = 2147483647;
			files = (
				272F1E071C6A3D420098F620 /* UserManagerType.swift in Sources */,
			);
			runOnlyForDeploymentPostprocessing = 0;
		};
		272F1DF21C6A3D2B0098F620 /* Sources */ = {
			isa = PBXSourcesBuildPhase;
			buildActionMask = 2147483647;
			files = (
				272F1DFC1C6A3D2B0098F620 /* UserManagerTypeTests.swift in Sources */,
			);
			runOnlyForDeploymentPostprocessing = 0;
		};
/* End PBXSourcesBuildPhase section */

/* Begin PBXTargetDependency section */
		272F1DF91C6A3D2B0098F620 /* PBXTargetDependency */ = {
			isa = PBXTargetDependency;
			target = 272F1DEB1C6A3D2B0098F620 /* UserManagerType */;
			targetProxy = 272F1DF81C6A3D2B0098F620 /* PBXContainerItemProxy */;
		};
/* End PBXTargetDependency section */

/* Begin XCBuildConfiguration section */
		272F1DFE1C6A3D2B0098F620 /* Debug */ = {
			isa = XCBuildConfiguration;
			buildSettings = {
				ALWAYS_SEARCH_USER_PATHS = NO;
				CLANG_CXX_LANGUAGE_STANDARD = "gnu++0x";
				CLANG_CXX_LIBRARY = "libc++";
				CLANG_ENABLE_MODULES = YES;
				CLANG_ENABLE_OBJC_ARC = YES;
				CLANG_WARN_BOOL_CONVERSION = YES;
				CLANG_WARN_CONSTANT_CONVERSION = YES;
				CLANG_WARN_DIRECT_OBJC_ISA_USAGE = YES_ERROR;
				CLANG_WARN_EMPTY_BODY = YES;
				CLANG_WARN_ENUM_CONVERSION = YES;
				CLANG_WARN_INT_CONVERSION = YES;
				CLANG_WARN_OBJC_ROOT_CLASS = YES_ERROR;
				CLANG_WARN_UNREACHABLE_CODE = YES;
				CLANG_WARN__DUPLICATE_METHOD_MATCH = YES;
				"CODE_SIGN_IDENTITY[sdk=iphoneos*]" = "iPhone Developer";
				COPY_PHASE_STRIP = NO;
				CURRENT_PROJECT_VERSION = 1;
				DEBUG_INFORMATION_FORMAT = dwarf;
				ENABLE_STRICT_OBJC_MSGSEND = YES;
				ENABLE_TESTABILITY = YES;
				GCC_C_LANGUAGE_STANDARD = gnu99;
				GCC_DYNAMIC_NO_PIC = NO;
				GCC_NO_COMMON_BLOCKS = YES;
				GCC_OPTIMIZATION_LEVEL = 0;
				GCC_PREPROCESSOR_DEFINITIONS = (
					"DEBUG=1",
					"$(inherited)",
				);
				GCC_WARN_64_TO_32_BIT_CONVERSION = YES;
				GCC_WARN_ABOUT_RETURN_TYPE = YES_ERROR;
				GCC_WARN_UNDECLARED_SELECTOR = YES;
				GCC_WARN_UNINITIALIZED_AUTOS = YES_AGGRESSIVE;
				GCC_WARN_UNUSED_FUNCTION = YES;
				GCC_WARN_UNUSED_VARIABLE = YES;
				IPHONEOS_DEPLOYMENT_TARGET = 8.0;
				MTL_ENABLE_DEBUG_INFO = YES;
				ONLY_ACTIVE_ARCH = YES;
				SDKROOT = iphoneos;
				SWIFT_OPTIMIZATION_LEVEL = "-Onone";
				TARGETED_DEVICE_FAMILY = "1,2";
				VERSIONING_SYSTEM = "apple-generic";
				VERSION_INFO_PREFIX = "";
			};
			name = Debug;
		};
		272F1DFF1C6A3D2B0098F620 /* Release */ = {
			isa = XCBuildConfiguration;
			buildSettings = {
				ALWAYS_SEARCH_USER_PATHS = NO;
				CLANG_CXX_LANGUAGE_STANDARD = "gnu++0x";
				CLANG_CXX_LIBRARY = "libc++";
				CLANG_ENABLE_MODULES = YES;
				CLANG_ENABLE_OBJC_ARC = YES;
				CLANG_WARN_BOOL_CONVERSION = YES;
				CLANG_WARN_CONSTANT_CONVERSION = YES;
				CLANG_WARN_DIRECT_OBJC_ISA_USAGE = YES_ERROR;
				CLANG_WARN_EMPTY_BODY = YES;
				CLANG_WARN_ENUM_CONVERSION = YES;
				CLANG_WARN_INT_CONVERSION = YES;
				CLANG_WARN_OBJC_ROOT_CLASS = YES_ERROR;
				CLANG_WARN_UNREACHABLE_CODE = YES;
				CLANG_WARN__DUPLICATE_METHOD_MATCH = YES;
				"CODE_SIGN_IDENTITY[sdk=iphoneos*]" = "iPhone Developer";
				COPY_PHASE_STRIP = NO;
				CURRENT_PROJECT_VERSION = 1;
				DEBUG_INFORMATION_FORMAT = "dwarf-with-dsym";
				ENABLE_NS_ASSERTIONS = NO;
				ENABLE_STRICT_OBJC_MSGSEND = YES;
				GCC_C_LANGUAGE_STANDARD = gnu99;
				GCC_NO_COMMON_BLOCKS = YES;
				GCC_WARN_64_TO_32_BIT_CONVERSION = YES;
				GCC_WARN_ABOUT_RETURN_TYPE = YES_ERROR;
				GCC_WARN_UNDECLARED_SELECTOR = YES;
				GCC_WARN_UNINITIALIZED_AUTOS = YES_AGGRESSIVE;
				GCC_WARN_UNUSED_FUNCTION = YES;
				GCC_WARN_UNUSED_VARIABLE = YES;
				IPHONEOS_DEPLOYMENT_TARGET = 8.0;
				MTL_ENABLE_DEBUG_INFO = NO;
				SDKROOT = iphoneos;
				TARGETED_DEVICE_FAMILY = "1,2";
				VALIDATE_PRODUCT = YES;
				VERSIONING_SYSTEM = "apple-generic";
				VERSION_INFO_PREFIX = "";
			};
			name = Release;
		};
		272F1E011C6A3D2B0098F620 /* Debug */ = {
			isa = XCBuildConfiguration;
			buildSettings = {
				CLANG_ENABLE_MODULES = YES;
				DEFINES_MODULE = YES;
				DYLIB_COMPATIBILITY_VERSION = 1;
				DYLIB_CURRENT_VERSION = 1;
				DYLIB_INSTALL_NAME_BASE = "@rpath";
				FRAMEWORK_SEARCH_PATHS = (
					"$(inherited)",
					"$(PROJECT_DIR)/Carthage/Build/iOS",
				);
				INFOPLIST_FILE = UserManagerType/Info.plist;
				INSTALL_PATH = "$(LOCAL_LIBRARY_DIR)/Frameworks";
				LD_RUNPATH_SEARCH_PATHS = "$(inherited) @executable_path/Frameworks @loader_path/Frameworks";
				PRODUCT_BUNDLE_IDENTIFIER = com.nodes.UserManagerType;
				PRODUCT_NAME = "$(TARGET_NAME)";
				SKIP_INSTALL = YES;
				SWIFT_OPTIMIZATION_LEVEL = "-Onone";
			};
			name = Debug;
		};
		272F1E021C6A3D2B0098F620 /* Release */ = {
			isa = XCBuildConfiguration;
			buildSettings = {
				CLANG_ENABLE_MODULES = YES;
				DEFINES_MODULE = YES;
				DYLIB_COMPATIBILITY_VERSION = 1;
				DYLIB_CURRENT_VERSION = 1;
				DYLIB_INSTALL_NAME_BASE = "@rpath";
				FRAMEWORK_SEARCH_PATHS = (
					"$(inherited)",
					"$(PROJECT_DIR)/Carthage/Build/iOS",
				);
				INFOPLIST_FILE = UserManagerType/Info.plist;
				INSTALL_PATH = "$(LOCAL_LIBRARY_DIR)/Frameworks";
				LD_RUNPATH_SEARCH_PATHS = "$(inherited) @executable_path/Frameworks @loader_path/Frameworks";
				PRODUCT_BUNDLE_IDENTIFIER = com.nodes.UserManagerType;
				PRODUCT_NAME = "$(TARGET_NAME)";
				SKIP_INSTALL = YES;
			};
			name = Release;
		};
		272F1E041C6A3D2B0098F620 /* Debug */ = {
			isa = XCBuildConfiguration;
			buildSettings = {
				INFOPLIST_FILE = UserManagerTypeTests/Info.plist;
				LD_RUNPATH_SEARCH_PATHS = "$(inherited) @executable_path/Frameworks @loader_path/Frameworks";
				PRODUCT_BUNDLE_IDENTIFIER = com.nodes.UserManagerTypeTests;
				PRODUCT_NAME = "$(TARGET_NAME)";
			};
			name = Debug;
		};
		272F1E051C6A3D2B0098F620 /* Release */ = {
			isa = XCBuildConfiguration;
			buildSettings = {
				INFOPLIST_FILE = UserManagerTypeTests/Info.plist;
				LD_RUNPATH_SEARCH_PATHS = "$(inherited) @executable_path/Frameworks @loader_path/Frameworks";
				PRODUCT_BUNDLE_IDENTIFIER = com.nodes.UserManagerTypeTests;
				PRODUCT_NAME = "$(TARGET_NAME)";
			};
			name = Release;
		};
/* End XCBuildConfiguration section */

/* Begin XCConfigurationList section */
		272F1DE61C6A3D2B0098F620 /* Build configuration list for PBXProject "UserManagerType" */ = {
			isa = XCConfigurationList;
			buildConfigurations = (
				272F1DFE1C6A3D2B0098F620 /* Debug */,
				272F1DFF1C6A3D2B0098F620 /* Release */,
			);
			defaultConfigurationIsVisible = 0;
			defaultConfigurationName = Release;
		};
		272F1E001C6A3D2B0098F620 /* Build configuration list for PBXNativeTarget "UserManagerType" */ = {
			isa = XCConfigurationList;
			buildConfigurations = (
				272F1E011C6A3D2B0098F620 /* Debug */,
				272F1E021C6A3D2B0098F620 /* Release */,
			);
			defaultConfigurationIsVisible = 0;
			defaultConfigurationName = Release;
		};
		272F1E031C6A3D2B0098F620 /* Build configuration list for PBXNativeTarget "UserManagerTypeTests" */ = {
			isa = XCConfigurationList;
			buildConfigurations = (
				272F1E041C6A3D2B0098F620 /* Debug */,
				272F1E051C6A3D2B0098F620 /* Release */,
			);
			defaultConfigurationIsVisible = 0;
			defaultConfigurationName = Release;
		};
/* End XCConfigurationList section */
	};
	rootObject = 272F1DE31C6A3D2B0098F620 /* Project object */;
}
